{
  "name": "biz-cli",
  "version": "1.0.0",
  "lockfileVersion": 1,
  "requires": true,
  "dependencies": {
    "@types/node": {
      "version": "12.12.6",
      "resolved": "https://registry.npm.taobao.org/@types/node/download/@types/node-12.12.6.tgz",
      "integrity": "sha1-pHJAwQ2GqaV7sMYz8LLgrqnOklM=",
      "dev": true
    },
    "commander": {
      "version": "4.0.0",
      "resolved": "https://registry.npm.taobao.org/commander/download/commander-4.0.0.tgz",
      "integrity": "sha1-54K2r+ag8bFAi+WUKZGeEwUWDj8="
    }
  }
}
